// !$*UTF8*$!
{
	archiveVersion = 1;
	classes = {
	};
	objectVersion = 55;
	objects = {

/* Begin PBXBuildFile section */
		85A42A772859E24300A6B56D /* AppDelegate.swift in Sources */ = {isa = PBXBuildFile; fileRef = 85A42A762859E24300A6B56D /* AppDelegate.swift */; };
		85A42A792859E24300A6B56D /* SceneDelegate.swift in Sources */ = {isa = PBXBuildFile; fileRef = 85A42A782859E24300A6B56D /* SceneDelegate.swift */; };
		85A42A7B2859E24300A6B56D /* ViewController.swift in Sources */ = {isa = PBXBuildFile; fileRef = 85A42A7A2859E24300A6B56D /* ViewController.swift */; };
		85A42A802859E24500A6B56D /* Assets.xcassets in Resources */ = {isa = PBXBuildFile; fileRef = 85A42A7F2859E24500A6B56D /* Assets.xcassets */; };
		85A42A832859E24500A6B56D /* LaunchScreen.storyboard in Resources */ = {isa = PBXBuildFile; fileRef = 85A42A812859E24500A6B56D /* LaunchScreen.storyboard */; };
		85A42A8B2859E57F00A6B56D /* BasicUIScrollViewController.swift in Sources */ = {isa = PBXBuildFile; fileRef = 85A42A8A2859E57F00A6B56D /* BasicUIScrollViewController.swift */; };
		85A42A8D2859E5CD00A6B56D /* SimpleLayoutViewController.swift in Sources */ = {isa = PBXBuildFile; fileRef = 85A42A8C2859E5CD00A6B56D /* SimpleLayoutViewController.swift */; };
		E3B762B30CD5D0A2365AAFC0 /* Pods_SnapKitUsing.framework in Frameworks */ = {isa = PBXBuildFile; fileRef = 32AFCED4B5E4D905BE6C529D /* Pods_SnapKitUsing.framework */; };
/* End PBXBuildFile section */

/* Begin PBXFileReference section */
		13CAFD36563B2AF37E59AF47 /* Pods-SnapKitUsing.release.xcconfig */ = {isa = PBXFileReference; includeInIndex = 1; lastKnownFileType = text.xcconfig; name = "Pods-SnapKitUsing.release.xcconfig"; path = "Target Support Files/Pods-SnapKitUsing/Pods-SnapKitUsing.release.xcconfig"; sourceTree = "<group>"; };
		32AFCED4B5E4D905BE6C529D /* Pods_SnapKitUsing.framework */ = {isa = PBXFileReference; explicitFileType = wrapper.framework; includeInIndex = 0; path = Pods_SnapKitUsing.framework; sourceTree = BUILT_PRODUCTS_DIR; };
		4B956A4C0026F038EF4290FC /* Pods-SnapKitUsing.debug.xcconfig */ = {isa = PBXFileReference; includeInIndex = 1; lastKnownFileType = text.xcconfig; name = "Pods-SnapKitUsing.debug.xcconfig"; path = "Target Support Files/Pods-SnapKitUsing/Pods-SnapKitUsing.debug.xcconfig"; sourceTree = "<group>"; };
		85A42A732859E24300A6B56D /* SnapKitUsing.app */ = {isa = PBXFileReference; explicitFileType = wrapper.application; includeInIndex = 0; path = SnapKitUsing.app; sourceTree = BUILT_PRODUCTS_DIR; };
		85A42A762859E24300A6B56D /* AppDelegate.swift */ = {isa = PBXFileReference; lastKnownFileType = sourcecode.swift; path = AppDelegate.swift; sourceTree = "<group>"; };
		85A42A782859E24300A6B56D /* SceneDelegate.swift */ = {isa = PBXFileReference; lastKnownFileType = sourcecode.swift; path = SceneDelegate.swift; sourceTree = "<group>"; };
		85A42A7A2859E24300A6B56D /* ViewController.swift */ = {isa = PBXFileReference; lastKnownFileType = sourcecode.swift; path = ViewController.swift; sourceTree = "<group>"; };
		85A42A7F2859E24500A6B56D /* Assets.xcassets */ = {isa = PBXFileReference; lastKnownFileType = folder.assetcatalog; path = Assets.xcassets; sourceTree = "<group>"; };
		85A42A822859E24500A6B56D /* Base */ = {isa = PBXFileReference; lastKnownFileType = file.storyboard; name = Base; path = Base.lproj/LaunchScreen.storyboard; sourceTree = "<group>"; };
		85A42A842859E24500A6B56D /* Info.plist */ = {isa = PBXFileReference; lastKnownFileType = text.plist.xml; path = Info.plist; sourceTree = "<group>"; };
		85A42A8A2859E57F00A6B56D /* BasicUIScrollViewController.swift */ = {isa = PBXFileReference; lastKnownFileType = sourcecode.swift; path = BasicUIScrollViewController.swift; sourceTree = "<group>"; };
		85A42A8C2859E5CD00A6B56D /* SimpleLayoutViewController.swift */ = {isa = PBXFileReference; lastKnownFileType = sourcecode.swift; path = SimpleLayoutViewController.swift; sourceTree = "<group>"; };
/* End PBXFileReference section */

/* Begin PBXFrameworksBuildPhase section */
		85A42A702859E24300A6B56D /* Frameworks */ = {
			isa = PBXFrameworksBuildPhase;
			buildActionMask = 2147483647;
			files = (
				E3B762B30CD5D0A2365AAFC0 /* Pods_SnapKitUsing.framework in Frameworks */,
			);
			runOnlyForDeploymentPostprocessing = 0;
		};
/* End PBXFrameworksBuildPhase section */

/* Begin PBXGroup section */
		21A4E0E59F56FF198235748A /* Pods */ = {
			isa = PBXGroup;
			children = (
				4B956A4C0026F038EF4290FC /* Pods-SnapKitUsing.debug.xcconfig */,
				13CAFD36563B2AF37E59AF47 /* Pods-SnapKitUsing.release.xcconfig */,
			);
			path = Pods;
			sourceTree = "<group>";
		};
		85A42A6A2859E24300A6B56D = {
			isa = PBXGroup;
			children = (
				85A42A752859E24300A6B56D /* SnapKitUsing */,
				85A42A742859E24300A6B56D /* Products */,
				21A4E0E59F56FF198235748A /* Pods */,
				FAB612B72EB0EA623E636C02 /* Frameworks */,
			);
			sourceTree = "<group>";
		};
		85A42A742859E24300A6B56D /* Products */ = {
			isa = PBXGroup;
			children = (
				85A42A732859E24300A6B56D /* SnapKitUsing.app */,
			);
			name = Products;
			sourceTree = "<group>";
		};
		85A42A752859E24300A6B56D /* SnapKitUsing */ = {
			isa = PBXGroup;
			children = (
				85A42A762859E24300A6B56D /* AppDelegate.swift */,
				85A42A782859E24300A6B56D /* SceneDelegate.swift */,
				85A42A7A2859E24300A6B56D /* ViewController.swift */,
				85A42A8A2859E57F00A6B56D /* BasicUIScrollViewController.swift */,
				85A42A8C2859E5CD00A6B56D /* SimpleLayoutViewController.swift */,
				85A42A7F2859E24500A6B56D /* Assets.xcassets */,
				85A42A812859E24500A6B56D /* LaunchScreen.storyboard */,
				85A42A842859E24500A6B56D /* Info.plist */,
			);
			path = SnapKitUsing;
			sourceTree = "<group>";
		};
		FAB612B72EB0EA623E636C02 /* Frameworks */ = {
			isa = PBXGroup;
			children = (
				32AFCED4B5E4D905BE6C529D /* Pods_SnapKitUsing.framework */,
			);
			name = Frameworks;
			sourceTree = "<group>";
		};
/* End PBXGroup section */

/* Begin PBXNativeTarget section */
		85A42A722859E24300A6B56D /* SnapKitUsing */ = {
			isa = PBXNativeTarget;
			buildConfigurationList = 85A42A872859E24500A6B56D /* Build configuration list for PBXNativeTarget "SnapKitUsing" */;
			buildPhases = (
				3C693A5CAB776B049F0112D8 /* [CP] Check Pods Manifest.lock */,
				85A42A6F2859E24300A6B56D /* Sources */,
				85A42A702859E24300A6B56D /* Frameworks */,
				85A42A712859E24300A6B56D /* Resources */,
				37B9D3F02A46FA85A9A65B4F /* [CP] Embed Pods Frameworks */,
			);
			buildRules = (
			);
			dependencies = (
			);
			name = SnapKitUsing;
			productName = SnapKitUsing;
			productReference = 85A42A732859E24300A6B56D /* SnapKitUsing.app */;
			productType = "com.apple.product-type.application";
		};
/* End PBXNativeTarget section */

/* Begin PBXProject section */
		85A42A6B2859E24300A6B56D /* Project object */ = {
			isa = PBXProject;
			attributes = {
				BuildIndependentTargetsInParallel = 1;
				LastSwiftUpdateCheck = 1320;
				LastUpgradeCheck = 1320;
				TargetAttributes = {
					85A42A722859E24300A6B56D = {
						CreatedOnToolsVersion = 13.2.1;
					};
				};
			};
			buildConfigurationList = 85A42A6E2859E24300A6B56D /* Build configuration list for PBXProject "SnapKitUsing" */;
			compatibilityVersion = "Xcode 13.0";
			developmentRegion = en;
			hasScannedForEncodings = 0;
			knownRegions = (
				en,
				Base,
			);
			mainGroup = 85A42A6A2859E24300A6B56D;
			productRefGroup = 85A42A742859E24300A6B56D /* Products */;
			projectDirPath = "";
			projectRoot = "";
			targets = (
				85A42A722859E24300A6B56D /* SnapKitUsing */,
			);
		};
/* End PBXProject section */

/* Begin PBXResourcesBuildPhase section */
		85A42A712859E24300A6B56D /* Resources */ = {
			isa = PBXResourcesBuildPhase;
			buildActionMask = 2147483647;
			files = (
				85A42A832859E24500A6B56D /* LaunchScreen.storyboard in Resources */,
				85A42A802859E24500A6B56D /* Assets.xcassets in Resources */,
			);
			runOnlyForDeploymentPostprocessing = 0;
		};
/* End PBXResourcesBuildPhase section */

/* Begin PBXShellScriptBuildPhase section */
		37B9D3F02A46FA85A9A65B4F /* [CP] Embed Pods Frameworks */ = {
			isa = PBXShellScriptBuildPhase;
			buildActionMask = 2147483647;
			files = (
			);
			inputFileListPaths = (
				"${PODS_ROOT}/Target Support Files/Pods-SnapKitUsing/Pods-SnapKitUsing-frameworks-${CONFIGURATION}-input-files.xcfilelist",
			);
			name = "[CP] Embed Pods Frameworks";
			outputFileListPaths = (
				"${PODS_ROOT}/Target Support Files/Pods-SnapKitUsing/Pods-SnapKitUsing-frameworks-${CONFIGURATION}-output-files.xcfilelist",
			);
			runOnlyForDeploymentPostprocessing = 0;
			shellPath = /bin/sh;
			shellScript = "\"${PODS_ROOT}/Target Support Files/Pods-SnapKitUsing/Pods-SnapKitUsing-frameworks.sh\"\n";
			showEnvVarsInLog = 0;
		};
		3C693A5CAB776B049F0112D8 /* [CP] Check Pods Manifest.lock */ = {
			isa = PBXShellScriptBuildPhase;
			buildActionMask = 2147483647;
			files = (
			);
			inputFileListPaths = (
			);
			inputPaths = (
				"${PODS_PODFILE_DIR_PATH}/Podfile.lock",
				"${PODS_ROOT}/Manifest.lock",
			);
			name = "[CP] Check Pods Manifest.lock";
			outputFileListPaths = (
			);
			outputPaths = (
				"$(DERIVED_FILE_DIR)/Pods-SnapKitUsing-checkManifestLockResult.txt",
			);
			runOnlyForDeploymentPostprocessing = 0;
			shellPath = /bin/sh;
			shellScript = "diff \"${PODS_PODFILE_DIR_PATH}/Podfile.lock\" \"${PODS_ROOT}/Manifest.lock\" > /dev/null\nif [ $? != 0 ] ; then\n    # print error to STDERR\n    echo \"error: The sandbox is not in sync with the Podfile.lock. Run 'pod install' or update your CocoaPods installation.\" >&2\n    exit 1\nfi\n# This output is used by Xcode 'outputs' to avoid re-running this script phase.\necho \"SUCCESS\" > \"${SCRIPT_OUTPUT_FILE_0}\"\n";
			showEnvVarsInLog = 0;
		};
/* End PBXShellScriptBuildPhase section */

/* Begin PBXSourcesBuildPhase section */
		85A42A6F2859E24300A6B56D /* Sources */ = {
			isa = PBXSourcesBuildPhase;
			buildActionMask = 2147483647;
			files = (
				85A42A8D2859E5CD00A6B56D /* SimpleLayoutViewController.swift in Sources */,
				85A42A7B2859E24300A6B56D /* ViewController.swift in Sources */,
				85A42A8B2859E57F00A6B56D /* BasicUIScrollViewController.swift in Sources */,
				85A42A772859E24300A6B56D /* AppDelegate.swift in Sources */,
				85A42A792859E24300A6B56D /* SceneDelegate.swift in Sources */,
			);
			runOnlyForDeploymentPostprocessing = 0;
		};
/* End PBXSourcesBuildPhase section */

/* Begin PBXVariantGroup section */
		85A42A812859E24500A6B56D /* LaunchScreen.storyboard */ = {
			isa = PBXVariantGroup;
			children = (
				85A42A822859E24500A6B56D /* Base */,
			);
			name = LaunchScreen.storyboard;
			sourceTree = "<group>";
		};
/* End PBXVariantGroup section */

/* Begin XCBuildConfiguration section */
		85A42A852859E24500A6B56D /* Debug */ = {
			isa = XCBuildConfiguration;
			buildSettings = {
				ALWAYS_SEARCH_USER_PATHS = NO;
				CLANG_ANALYZER_NONNULL = YES;
				CLANG_ANALYZER_NUMBER_OBJECT_CONVERSION = YES_AGGRESSIVE;
				CLANG_CXX_LANGUAGE_STANDARD = "gnu++17";
				CLANG_CXX_LIBRARY = "libc++";
				CLANG_ENABLE_MODULES = YES;
				CLANG_ENABLE_OBJC_ARC = YES;
				CLANG_ENABLE_OBJC_WEAK = YES;
				CLANG_WARN_BLOCK_CAPTURE_AUTORELEASING = YES;
				CLANG_WARN_BOOL_CONVERSION = YES;
				CLANG_WARN_COMMA = YES;
				CLANG_WARN_CONSTANT_CONVERSION = YES;
				CLANG_WARN_DEPRECATED_OBJC_IMPLEMENTATIONS = YES;
				CLANG_WARN_DIRECT_OBJC_ISA_USAGE = YES_ERROR;
				CLANG_WARN_DOCUMENTATION_COMMENTS = YES;
				CLANG_WARN_EMPTY_BODY = YES;
				CLANG_WARN_ENUM_CONVERSION = YES;
				CLANG_WARN_INFINITE_RECURSION = YES;
				CLANG_WARN_INT_CONVERSION = YES;
				CLANG_WARN_NON_LITERAL_NULL_CONVERSION = YES;
				CLANG_WARN_OBJC_IMPLICIT_RETAIN_SELF = YES;
				CLANG_WARN_OBJC_LITERAL_CONVERSION = YES;
				CLANG_WARN_OBJC_ROOT_CLASS = YES_ERROR;
				CLANG_WARN_QUOTED_INCLUDE_IN_FRAMEWORK_HEADER = YES;
				CLANG_WARN_RANGE_LOOP_ANALYSIS = YES;
				CLANG_WARN_STRICT_PROTOTYPES = YES;
				CLANG_WARN_SUSPICIOUS_MOVE = YES;
				CLANG_WARN_UNGUARDED_AVAILABILITY = YES_AGGRESSIVE;
				CLANG_WARN_UNREACHABLE_CODE = YES;
				CLANG_WARN__DUPLICATE_METHOD_MATCH = YES;
				COPY_PHASE_STRIP = NO;
				DEBUG_INFORMATION_FORMAT = dwarf;
				ENABLE_STRICT_OBJC_MSGSEND = YES;
				ENABLE_TESTABILITY = YES;
				GCC_C_LANGUAGE_STANDARD = gnu11;
				GCC_DYNAMIC_NO_PIC = NO;
				GCC_NO_COMMON_BLOCKS = YES;
				GCC_OPTIMIZATION_LEVEL = 0;
				GCC_PREPROCESSOR_DEFINITIONS = (
					"DEBUG=1",
					"$(inherited)",
				);
				GCC_WARN_64_TO_32_BIT_CONVERSION = YES;
				GCC_WARN_ABOUT_RETURN_TYPE = YES_ERROR;
				GCC_WARN_UNDECLARED_SELECTOR = YES;
				GCC_WARN_UNINITIALIZED_AUTOS = YES_AGGRESSIVE;
				GCC_WARN_UNUSED_FUNCTION = YES;
				GCC_WARN_UNUSED_VARIABLE = YES;
				IPHONEOS_DEPLOYMENT_TARGET = 15.2;
				MTL_ENABLE_DEBUG_INFO = INCLUDE_SOURCE;
				MTL_FAST_MATH = YES;
				ONLY_ACTIVE_ARCH = YES;
				SDKROOT = iphoneos;
				SWIFT_ACTIVE_COMPILATION_CONDITIONS = DEBUG;
				SWIFT_OPTIMIZATION_LEVEL = "-Onone";
			};
			name = Debug;
		};
		85A42A862859E24500A6B56D /* Release */ = {
			isa = XCBuildConfiguration;
			buildSettings = {
				ALWAYS_SEARCH_USER_PATHS = NO;
				CLANG_ANALYZER_NONNULL = YES;
				CLANG_ANALYZER_NUMBER_OBJECT_CONVERSION = YES_AGGRESSIVE;
				CLANG_CXX_LANGUAGE_STANDARD = "gnu++17";
				CLANG_CXX_LIBRARY = "libc++";
				CLANG_ENABLE_MODULES = YES;
				CLANG_ENABLE_OBJC_ARC = YES;
				CLANG_ENABLE_OBJC_WEAK = YES;
				CLANG_WARN_BLOCK_CAPTURE_AUTORELEASING = YES;
				CLANG_WARN_BOOL_CONVERSION = YES;
				CLANG_WARN_COMMA = YES;
				CLANG_WARN_CONSTANT_CONVERSION = YES;
				CLANG_WARN_DEPRECATED_OBJC_IMPLEMENTATIONS = YES;
				CLANG_WARN_DIRECT_OBJC_ISA_USAGE = YES_ERROR;
				CLANG_WARN_DOCUMENTATION_COMMENTS = YES;
				CLANG_WARN_EMPTY_BODY = YES;
				CLANG_WARN_ENUM_CONVERSION = YES;
				CLANG_WARN_INFINITE_RECURSION = YES;
				CLANG_WARN_INT_CONVERSION = YES;
				CLANG_WARN_NON_LITERAL_NULL_CONVERSION = YES;
				CLANG_WARN_OBJC_IMPLICIT_RETAIN_SELF = YES;
				CLANG_WARN_OBJC_LITERAL_CONVERSION = YES;
				CLANG_WARN_OBJC_ROOT_CLASS = YES_ERROR;
				CLANG_WARN_QUOTED_INCLUDE_IN_FRAMEWORK_HEADER = YES;
				CLANG_WARN_RANGE_LOOP_ANALYSIS = YES;
				CLANG_WARN_STRICT_PROTOTYPES = YES;
				CLANG_WARN_SUSPICIOUS_MOVE = YES;
				CLANG_WARN_UNGUARDED_AVAILABILITY = YES_AGGRESSIVE;
				CLANG_WARN_UNREACHABLE_CODE = YES;
				CLANG_WARN__DUPLICATE_METHOD_MATCH = YES;
				COPY_PHASE_STRIP = NO;
				DEBUG_INFORMATION_FORMAT = "dwarf-with-dsym";
				ENABLE_NS_ASSERTIONS = NO;
				ENABLE_STRICT_OBJC_MSGSEND = YES;
				GCC_C_LANGUAGE_STANDARD = gnu11;
				GCC_NO_COMMON_BLOCKS = YES;
				GCC_WARN_64_TO_32_BIT_CONVERSION = YES;
				GCC_WARN_ABOUT_RETURN_TYPE = YES_ERROR;
				GCC_WARN_UNDECLARED_SELECTOR = YES;
				GCC_WARN_UNINITIALIZED_AUTOS = YES_AGGRESSIVE;
				GCC_WARN_UNUSED_FUNCTION = YES;
				GCC_WARN_UNUSED_VARIABLE = YES;
				IPHONEOS_DEPLOYMENT_TARGET = 15.2;
				MTL_ENABLE_DEBUG_INFO = NO;
				MTL_FAST_MATH = YES;
				SDKROOT = iphoneos;
				SWIFT_COMPILATION_MODE = wholemodule;
				SWIFT_OPTIMIZATION_LEVEL = "-O";
				VALIDATE_PRODUCT = YES;
			};
			name = Release;
		};
		85A42A882859E24500A6B56D /* Debug */ = {
			isa = XCBuildConfiguration;
			baseConfigurationReference = 4B956A4C0026F038EF4290FC /* Pods-SnapKitUsing.debug.xcconfig */;
			buildSettings = {
				ASSETCATALOG_COMPILER_APPICON_NAME = AppIcon;
				ASSETCATALOG_COMPILER_GLOBAL_ACCENT_COLOR_NAME = AccentColor;
				CODE_SIGN_STYLE = Automatic;
				CURRENT_PROJECT_VERSION = 1;
				DEVELOPMENT_TEAM = QFCLB59ALA;
				GENERATE_INFOPLIST_FILE = YES;
				INFOPLIST_FILE = SnapKitUsing/Info.plist;
				INFOPLIST_KEY_UIApplicationSupportsIndirectInputEvents = YES;
				INFOPLIST_KEY_UILaunchStoryboardName = LaunchScreen;
				INFOPLIST_KEY_UISupportedInterfaceOrientations_iPad = "UIInterfaceOrientationPortrait UIInterfaceOrientationPortraitUpsideDown UIInterfaceOrientationLandscapeLeft UIInterfaceOrientationLandscapeRight";
				INFOPLIST_KEY_UISupportedInterfaceOrientations_iPhone = "UIInterfaceOrientationPortrait UIInterfaceOrientationLandscapeLeft UIInterfaceOrientationLandscapeRight";
				LD_RUNPATH_SEARCH_PATHS = (
					"$(inherited)",
					"@executable_path/Frameworks",
				);
				MARKETING_VERSION = 1.0;
				PRODUCT_BUNDLE_IDENTIFIER = markarian.georgii.SnapKitUsing;
				PRODUCT_NAME = "$(TARGET_NAME)";
				SWIFT_EMIT_LOC_STRINGS = YES;
				SWIFT_VERSION = 5.0;
				TARGETED_DEVICE_FAMILY = "1,2";
			};
			name = Debug;
		};
		85A42A892859E24500A6B56D /* Release */ = {
			isa = XCBuildConfiguration;
			baseConfigurationReference = 13CAFD36563B2AF37E59AF47 /* Pods-SnapKitUsing.release.xcconfig */;
			buildSettings = {
				ASSETCATALOG_COMPILER_APPICON_NAME = AppIcon;
				ASSETCATALOG_COMPILER_GLOBAL_ACCENT_COLOR_NAME = AccentColor;
				CODE_SIGN_STYLE = Automatic;
				CURRENT_PROJECT_VERSION = 1;
				DEVELOPMENT_TEAM = QFCLB59ALA;
				GENERATE_INFOPLIST_FILE = YES;
				INFOPLIST_FILE = SnapKitUsing/Info.plist;
				INFOPLIST_KEY_UIApplicationSupportsIndirectInputEvents = YES;
				INFOPLIST_KEY_UILaunchStoryboardName = LaunchScreen;
				INFOPLIST_KEY_UISupportedInterfaceOrientations_iPad = "UIInterfaceOrientationPortrait UIInterfaceOrientationPortraitUpsideDown UIInterfaceOrientationLandscapeLeft UIInterfaceOrientationLandscapeRight";
				INFOPLIST_KEY_UISupportedInterfaceOrientations_iPhone = "UIInterfaceOrientationPortrait UIInterfaceOrientationLandscapeLeft UIInterfaceOrientationLandscapeRight";
				LD_RUNPATH_SEARCH_PATHS = (
					"$(inherited)",
					"@executable_path/Frameworks",
				);
				MARKETING_VERSION = 1.0;
				PRODUCT_BUNDLE_IDENTIFIER = markarian.georgii.SnapKitUsing;
				PRODUCT_NAME = "$(TARGET_NAME)";
				SWIFT_EMIT_LOC_STRINGS = YES;
				SWIFT_VERSION = 5.0;
				TARGETED_DEVICE_FAMILY = "1,2";
			};
			name = Release;
		};
/* End XCBuildConfiguration section */

/* Begin XCConfigurationList section */
		85A42A6E2859E24300A6B56D /* Build configuration list for PBXProject "SnapKitUsing" */ = {
			isa = XCConfigurationList;
			buildConfigurations = (
				85A42A852859E24500A6B56D /* Debug */,
				85A42A862859E24500A6B56D /* Release */,
			);
			defaultConfigurationIsVisible = 0;
			defaultConfigurationName = Release;
		};
		85A42A872859E24500A6B56D /* Build configuration list for PBXNativeTarget "SnapKitUsing" */ = {
			isa = XCConfigurationList;
			buildConfigurations = (
				85A42A882859E24500A6B56D /* Debug */,
				85A42A892859E24500A6B56D /* Release */,
			);
			defaultConfigurationIsVisible = 0;
			defaultConfigurationName = Release;
		};
/* End XCConfigurationList section */
	};
	rootObject = 85A42A6B2859E24300A6B56D /* Project object */;
}
